
Microsoft Visual Studio Solution File, Format Version 12.00
# Visual Studio 2012
Project("{FAE04EC0-301F-11D3-BF4B-00C04F79EFBC}") = "WroclawCityBike.iOS", "WroclawCityBike.iOS\WroclawCityBike.iOS.csproj", "{9465D610-9EA8-4F84-97B3-7BE593A85EB3}"
EndProject
Project("{D954291E-2A0B-460D-934E-DC6B0785DB48}") = "WroclawCityBike.Core", "WroclawCityBike.Core\WroclawCityBike.Core.shproj", "{665EEAD8-7A05-4C9D-A2AF-FCB19C7651B6}"
EndProject
Global
	GlobalSection(SolutionConfigurationPlatforms) = preSolution
		Debug|iPhoneSimulator = Debug|iPhoneSimulator
		Release|iPhone = Release|iPhone
		Release|iPhoneSimulator = Release|iPhoneSimulator
		Debug|iPhone = Debug|iPhone
	EndGlobalSection
	GlobalSection(ProjectConfigurationPlatforms) = postSolution
		{9465D610-9EA8-4F84-97B3-7BE593A85EB3}.Debug|iPhoneSimulator.ActiveCfg = Debug|iPhoneSimulator
		{9465D610-9EA8-4F84-97B3-7BE593A85EB3}.Debug|iPhoneSimulator.Build.0 = Debug|iPhoneSimulator
		{9465D610-9EA8-4F84-97B3-7BE593A85EB3}.Release|iPhone.ActiveCfg = Release|iPhone
		{9465D610-9EA8-4F84-97B3-7BE593A85EB3}.Release|iPhone.Build.0 = Release|iPhone
		{9465D610-9EA8-4F84-97B3-7BE593A85EB3}.Release|iPhoneSimulator.ActiveCfg = Release|iPhoneSimulator
		{9465D610-9EA8-4F84-97B3-7BE593A85EB3}.Release|iPhoneSimulator.Build.0 = Release|iPhoneSimulator
		{9465D610-9EA8-4F84-97B3-7BE593A85EB3}.Debug|iPhone.ActiveCfg = Debug|iPhone
		{9465D610-9EA8-4F84-97B3-7BE593A85EB3}.Debug|iPhone.Build.0 = Debug|iPhone
	EndGlobalSection
EndGlobal
